
Microsoft Visual Studio Solution File, Format Version 12.00
# Visual Studio 2013
VisualStudioVersion = 12.0.40629.0
MinimumVisualStudioVersion = 10.0.40219.1
Project("{FAE04EC0-301F-11D3-BF4B-00C04F79EFBC}") = "tp_7", "tp_7\tp_7.csproj", "{AC77CC47-09A3-401C-89AA-5D9970E19EB0}"
EndProject
Global
	GlobalSection(SolutionConfigurationPlatforms) = preSolution
		Debug|Any CPU = Debug|Any CPU
		Release|Any CPU = Release|Any CPU
	EndGlobalSection
	GlobalSection(ProjectConfigurationPlatforms) = postSolution
		{AC77CC47-09A3-401C-89AA-5D9970E19EB0}.Debug|Any CPU.ActiveCfg = Debug|Any CPU
		{AC77CC47-09A3-401C-89AA-5D9970E19EB0}.Debug|Any CPU.Build.0 = Debug|Any CPU
		{AC77CC47-09A3-401C-89AA-5D9970E19EB0}.Release|Any CPU.ActiveCfg = Release|Any CPU
		{AC77CC47-09A3-401C-89AA-5D9970E19EB0}.Release|Any CPU.Build.0 = Release|Any CPU
	EndGlobalSection
	GlobalSection(SolutionProperties) = preSolution
		HideSolutionNode = FALSE
	EndGlobalSection
EndGlobal
